
Microsoft Visual Studio Solution File, Format Version 12.00
# Visual Studio Version 17
VisualStudioVersion = 17.7.34018.315
MinimumVisualStudioVersion = 10.0.40219.1
Project("{FAE04EC0-301F-11D3-BF4B-00C04F79EFBC}") = "tabliczkaM", "tabliczkaM\tabliczkaM.csproj", "{B7673B2D-E1C6-4B47-BC67-2111BD031F09}"
EndProject
Global
	GlobalSection(SolutionConfigurationPlatforms) = preSolution
		Debug|Any CPU = Debug|Any CPU
		Release|Any CPU = Release|Any CPU
	EndGlobalSection
	GlobalSection(ProjectConfigurationPlatforms) = postSolution
		{B7673B2D-E1C6-4B47-BC67-2111BD031F09}.Debug|Any CPU.ActiveCfg = Debug|Any CPU
		{B7673B2D-E1C6-4B47-BC67-2111BD031F09}.Debug|Any CPU.Build.0 = Debug|Any CPU
		{B7673B2D-E1C6-4B47-BC67-2111BD031F09}.Debug|Any CPU.Deploy.0 = Debug|Any CPU
		{B7673B2D-E1C6-4B47-BC67-2111BD031F09}.Release|Any CPU.ActiveCfg = Release|Any CPU
		{B7673B2D-E1C6-4B47-BC67-2111BD031F09}.Release|Any CPU.Build.0 = Release|Any CPU
		{B7673B2D-E1C6-4B47-BC67-2111BD031F09}.Release|Any CPU.Deploy.0 = Release|Any CPU
	EndGlobalSection
	GlobalSection(SolutionProperties) = preSolution
		HideSolutionNode = FALSE
	EndGlobalSection
	GlobalSection(ExtensibilityGlobals) = postSolution
		SolutionGuid = {81D7AABB-3419-4B5B-A125-F9EEC1C1FC43}
	EndGlobalSection
EndGlobal
